
Microsoft Visual Studio Solution File, Format Version 12.00
# Visual Studio 2017
Project("{FAE04EC0-301F-11D3-BF4B-00C04F79EFBC}") = "PenPen2D", "PenPen2D.csproj", "{8457035E-6BAC-7BAC-D592-706DC23D4419}"
EndProject
Project("{FAE04EC0-301F-11D3-BF4B-00C04F79EFBC}") = "PenPen2D.Plugins", "PenPen2D.Plugins.csproj", "{67BB165F-F73B-5369-D90A-6880543EBC10}"
EndProject
Global
	GlobalSection(SolutionConfigurationPlatforms) = preSolution
		Debug|Any CPU = Debug|Any CPU
		Release|Any CPU = Release|Any CPU
	EndGlobalSection
	GlobalSection(ProjectConfigurationPlatforms) = postSolution
		{8457035E-6BAC-7BAC-D592-706DC23D4419}.Debug|Any CPU.ActiveCfg = Debug|Any CPU
		{8457035E-6BAC-7BAC-D592-706DC23D4419}.Debug|Any CPU.Build.0 = Debug|Any CPU
		{8457035E-6BAC-7BAC-D592-706DC23D4419}.Release|Any CPU.ActiveCfg = Release|Any CPU
		{8457035E-6BAC-7BAC-D592-706DC23D4419}.Release|Any CPU.Build.0 = Release|Any CPU
		{67BB165F-F73B-5369-D90A-6880543EBC10}.Debug|Any CPU.ActiveCfg = Debug|Any CPU
		{67BB165F-F73B-5369-D90A-6880543EBC10}.Debug|Any CPU.Build.0 = Debug|Any CPU
		{67BB165F-F73B-5369-D90A-6880543EBC10}.Release|Any CPU.ActiveCfg = Release|Any CPU
		{67BB165F-F73B-5369-D90A-6880543EBC10}.Release|Any CPU.Build.0 = Release|Any CPU
	EndGlobalSection
	GlobalSection(SolutionProperties) = preSolution
		HideSolutionNode = FALSE
	EndGlobalSection
EndGlobal
